{
  "object": {
    "pins": [
      {
        "package": "Mantis",
        "repositoryURL": "https://github.com/guoyingtao/Mantis",
        "state": {
          "branch": null,
          "revision": "d722a58f80c87b3324739548a99767f100c88e1a",
          "version": "1.6.0"
        }
      },
      {
        "package": "SwiftUIX",
        "repositoryURL": "https://github.com/SwiftUIX/SwiftUIX",
        "state": {
          "branch": "master",
          "revision": "37b0c4780b26617e71b2f8812adfbc2ae9445241",
          "version": null
        }
      }
    ]
  },
  "version": 1
}
