{
  "object": {
    "pins": [
      {
        "package": "Mantis",
        "repositoryURL": "https://github.com/guoyingtao/Mantis",
        "state": {
          "branch": null,
          "revision": "0ee3df9d0aa9209a01d4a2ea49fce70d6398d49d",
          "version": "1.7.1"
        }
      },
      {
        "package": "SwiftUIX",
        "repositoryURL": "https://github.com/SwiftUIX/SwiftUIX",
        "state": {
          "branch": "master",
          "revision": "961a3475bf654faa2aff503aa27bfaf0444318b9",
          "version": null
        }
      }
    ]
  },
  "version": 1
}
